
Microsoft Visual Studio Solution File, Format Version 12.00
# Visual Studio Version 16
VisualStudioVersion = 16.0.31313.79
MinimumVisualStudioVersion = 10.0.40219.1
Project("{FAE04EC0-301F-11D3-BF4B-00C04F79EFBC}") = "Array", "Array\Array.csproj", "{DEA3A32B-6A94-4678-9803-6D4AD1D3167C}"
EndProject
Global
	GlobalSection(SolutionConfigurationPlatforms) = preSolution
		Debug|Any CPU = Debug|Any CPU
		Release|Any CPU = Release|Any CPU
	EndGlobalSection
	GlobalSection(ProjectConfigurationPlatforms) = postSolution
		{DEA3A32B-6A94-4678-9803-6D4AD1D3167C}.Debug|Any CPU.ActiveCfg = Debug|Any CPU
		{DEA3A32B-6A94-4678-9803-6D4AD1D3167C}.Debug|Any CPU.Build.0 = Debug|Any CPU
		{DEA3A32B-6A94-4678-9803-6D4AD1D3167C}.Release|Any CPU.ActiveCfg = Release|Any CPU
		{DEA3A32B-6A94-4678-9803-6D4AD1D3167C}.Release|Any CPU.Build.0 = Release|Any CPU
	EndGlobalSection
	GlobalSection(SolutionProperties) = preSolution
		HideSolutionNode = FALSE
	EndGlobalSection
	GlobalSection(ExtensibilityGlobals) = postSolution
		SolutionGuid = {40E3BF4D-02B2-4F4F-8BEB-178E40C6705A}
	EndGlobalSection
EndGlobal
