
Microsoft Visual Studio Solution File, Format Version 12.00
# Visual Studio Version 16
VisualStudioVersion = 16.0.31313.79
MinimumVisualStudioVersion = 10.0.40219.1
Project("{FAE04EC0-301F-11D3-BF4B-00C04F79EFBC}") = "While_foreach", "While_loop\While_foreach.csproj", "{FF15B77D-73B5-4BC4-8C68-8C19A1981B38}"
EndProject
Global
	GlobalSection(SolutionConfigurationPlatforms) = preSolution
		Debug|Any CPU = Debug|Any CPU
		Release|Any CPU = Release|Any CPU
	EndGlobalSection
	GlobalSection(ProjectConfigurationPlatforms) = postSolution
		{FF15B77D-73B5-4BC4-8C68-8C19A1981B38}.Debug|Any CPU.ActiveCfg = Debug|Any CPU
		{FF15B77D-73B5-4BC4-8C68-8C19A1981B38}.Debug|Any CPU.Build.0 = Debug|Any CPU
		{FF15B77D-73B5-4BC4-8C68-8C19A1981B38}.Release|Any CPU.ActiveCfg = Release|Any CPU
		{FF15B77D-73B5-4BC4-8C68-8C19A1981B38}.Release|Any CPU.Build.0 = Release|Any CPU
	EndGlobalSection
	GlobalSection(SolutionProperties) = preSolution
		HideSolutionNode = FALSE
	EndGlobalSection
	GlobalSection(ExtensibilityGlobals) = postSolution
		SolutionGuid = {C263CA2A-CE5D-4CA4-88C8-91F87CBA3C36}
	EndGlobalSection
EndGlobal
