
Microsoft Visual Studio Solution File, Format Version 12.00
# Visual Studio Version 16
VisualStudioVersion = 16.0.31313.79
MinimumVisualStudioVersion = 10.0.40219.1
Project("{FAE04EC0-301F-11D3-BF4B-00C04F79EFBC}") = "Telefon_Rehberi", "Telefon_Rehberi\Telefon_Rehberi.csproj", "{D49CEA11-301F-4DAC-AF5E-CCA94B72D77A}"
EndProject
Global
	GlobalSection(SolutionConfigurationPlatforms) = preSolution
		Debug|Any CPU = Debug|Any CPU
		Release|Any CPU = Release|Any CPU
	EndGlobalSection
	GlobalSection(ProjectConfigurationPlatforms) = postSolution
		{D49CEA11-301F-4DAC-AF5E-CCA94B72D77A}.Debug|Any CPU.ActiveCfg = Debug|Any CPU
		{D49CEA11-301F-4DAC-AF5E-CCA94B72D77A}.Debug|Any CPU.Build.0 = Debug|Any CPU
		{D49CEA11-301F-4DAC-AF5E-CCA94B72D77A}.Release|Any CPU.ActiveCfg = Release|Any CPU
		{D49CEA11-301F-4DAC-AF5E-CCA94B72D77A}.Release|Any CPU.Build.0 = Release|Any CPU
	EndGlobalSection
	GlobalSection(SolutionProperties) = preSolution
		HideSolutionNode = FALSE
	EndGlobalSection
	GlobalSection(ExtensibilityGlobals) = postSolution
		SolutionGuid = {17524B70-AADB-47CA-870A-CE51BE6B3E20}
	EndGlobalSection
EndGlobal
