
Microsoft Visual Studio Solution File, Format Version 12.00
# Visual Studio Version 16
VisualStudioVersion = 16.0.31313.79
MinimumVisualStudioVersion = 10.0.40219.1
Project("{FAE04EC0-301F-11D3-BF4B-00C04F79EFBC}") = "ödev_2", "ödev_2\ödev_2.csproj", "{A8F8BC09-AB02-4516-974F-FD34F679C5A0}"
EndProject
Global
	GlobalSection(SolutionConfigurationPlatforms) = preSolution
		Debug|Any CPU = Debug|Any CPU
		Release|Any CPU = Release|Any CPU
	EndGlobalSection
	GlobalSection(ProjectConfigurationPlatforms) = postSolution
		{A8F8BC09-AB02-4516-974F-FD34F679C5A0}.Debug|Any CPU.ActiveCfg = Debug|Any CPU
		{A8F8BC09-AB02-4516-974F-FD34F679C5A0}.Debug|Any CPU.Build.0 = Debug|Any CPU
		{A8F8BC09-AB02-4516-974F-FD34F679C5A0}.Release|Any CPU.ActiveCfg = Release|Any CPU
		{A8F8BC09-AB02-4516-974F-FD34F679C5A0}.Release|Any CPU.Build.0 = Release|Any CPU
	EndGlobalSection
	GlobalSection(SolutionProperties) = preSolution
		HideSolutionNode = FALSE
	EndGlobalSection
	GlobalSection(ExtensibilityGlobals) = postSolution
		SolutionGuid = {EE0733D4-DE0A-41A3-ACAA-50127BF610AA}
	EndGlobalSection
EndGlobal
