
Microsoft Visual Studio Solution File, Format Version 12.00
# Visual Studio Version 16
VisualStudioVersion = 16.0.31313.79
MinimumVisualStudioVersion = 10.0.40219.1
Project("{FAE04EC0-301F-11D3-BF4B-00C04F79EFBC}") = "arraylist", "ArrayList\arraylist.csproj", "{0F4258B6-4E9B-4546-A750-F88B48DE7E8D}"
EndProject
Global
	GlobalSection(SolutionConfigurationPlatforms) = preSolution
		Debug|Any CPU = Debug|Any CPU
		Release|Any CPU = Release|Any CPU
	EndGlobalSection
	GlobalSection(ProjectConfigurationPlatforms) = postSolution
		{0F4258B6-4E9B-4546-A750-F88B48DE7E8D}.Debug|Any CPU.ActiveCfg = Debug|Any CPU
		{0F4258B6-4E9B-4546-A750-F88B48DE7E8D}.Debug|Any CPU.Build.0 = Debug|Any CPU
		{0F4258B6-4E9B-4546-A750-F88B48DE7E8D}.Release|Any CPU.ActiveCfg = Release|Any CPU
		{0F4258B6-4E9B-4546-A750-F88B48DE7E8D}.Release|Any CPU.Build.0 = Release|Any CPU
	EndGlobalSection
	GlobalSection(SolutionProperties) = preSolution
		HideSolutionNode = FALSE
	EndGlobalSection
	GlobalSection(ExtensibilityGlobals) = postSolution
		SolutionGuid = {225618A6-20E0-435E-BEF6-BAF376E40C9F}
	EndGlobalSection
EndGlobal
